<?xml version="1.0" encoding="utf-8"?>
<Project ToolsVersion="17.0" xmlns="http://schemas.microsoft.com/developer/msbuild/2003">
  <ItemGroup>
    <ClCompile Include="C:\labs\СП\lab1\Lab-01C\Lab-01C\Lab-01C.cpp">
      <Filter>Source Files</Filter>
    </ClCompile>
  </ItemGroup>
  <ItemGroup>
    <CustomBuild Include="C:\labs\СП\lab1\Lab-01C\Lab-01C\CMakeLists.txt" />
  </ItemGroup>
  <ItemGroup>
    <Filter Include="Source Files">
      <UniqueIdentifier>{60B3F64B-9ABA-3AD1-84BF-CEF1FBA9092A}</UniqueIdentifier>
    </Filter>
  </ItemGroup>
</Project>
