
Microsoft Visual Studio Solution File, Format Version 12.00
# Visual Studio Version 17
Project("{8BC9CEB8-8B4A-11D0-8D11-00A0C91BC942}") = "ALL_BUILD", "ALL_BUILD.vcxproj", "{F745589F-4E56-3AC2-A5D8-323C3B4B739A}"
	ProjectSection(ProjectDependencies) = postProject
		{9EB3633A-F83D-3E22-87F9-F8976B034327} = {9EB3633A-F83D-3E22-87F9-F8976B034327}
		{331A5BAB-82B4-3212-88F6-38189000333F} = {331A5BAB-82B4-3212-88F6-38189000333F}
	EndProjectSection
EndProject
Project("{8BC9CEB8-8B4A-11D0-8D11-00A0C91BC942}") = "Lab-01C", "Lab-01C.vcxproj", "{9EB3633A-F83D-3E22-87F9-F8976B034327}"
	ProjectSection(ProjectDependencies) = postProject
		{331A5BAB-82B4-3212-88F6-38189000333F} = {331A5BAB-82B4-3212-88F6-38189000333F}
	EndProjectSection
EndProject
Project("{8BC9CEB8-8B4A-11D0-8D11-00A0C91BC942}") = "ZERO_CHECK", "ZERO_CHECK.vcxproj", "{331A5BAB-82B4-3212-88F6-38189000333F}"
	ProjectSection(ProjectDependencies) = postProject
	EndProjectSection
EndProject
Global
	GlobalSection(SolutionConfigurationPlatforms) = preSolution
		Debug|x64 = Debug|x64
		Release|x64 = Release|x64
		MinSizeRel|x64 = MinSizeRel|x64
		RelWithDebInfo|x64 = RelWithDebInfo|x64
	EndGlobalSection
	GlobalSection(ProjectConfigurationPlatforms) = postSolution
		{F745589F-4E56-3AC2-A5D8-323C3B4B739A}.Debug|x64.ActiveCfg = Debug|x64
		{F745589F-4E56-3AC2-A5D8-323C3B4B739A}.Release|x64.ActiveCfg = Release|x64
		{F745589F-4E56-3AC2-A5D8-323C3B4B739A}.MinSizeRel|x64.ActiveCfg = MinSizeRel|x64
		{F745589F-4E56-3AC2-A5D8-323C3B4B739A}.RelWithDebInfo|x64.ActiveCfg = RelWithDebInfo|x64
		{9EB3633A-F83D-3E22-87F9-F8976B034327}.Debug|x64.ActiveCfg = Debug|x64
		{9EB3633A-F83D-3E22-87F9-F8976B034327}.Debug|x64.Build.0 = Debug|x64
		{9EB3633A-F83D-3E22-87F9-F8976B034327}.Release|x64.ActiveCfg = Release|x64
		{9EB3633A-F83D-3E22-87F9-F8976B034327}.Release|x64.Build.0 = Release|x64
		{9EB3633A-F83D-3E22-87F9-F8976B034327}.MinSizeRel|x64.ActiveCfg = MinSizeRel|x64
		{9EB3633A-F83D-3E22-87F9-F8976B034327}.MinSizeRel|x64.Build.0 = MinSizeRel|x64
		{9EB3633A-F83D-3E22-87F9-F8976B034327}.RelWithDebInfo|x64.ActiveCfg = RelWithDebInfo|x64
		{9EB3633A-F83D-3E22-87F9-F8976B034327}.RelWithDebInfo|x64.Build.0 = RelWithDebInfo|x64
		{331A5BAB-82B4-3212-88F6-38189000333F}.Debug|x64.ActiveCfg = Debug|x64
		{331A5BAB-82B4-3212-88F6-38189000333F}.Debug|x64.Build.0 = Debug|x64
		{331A5BAB-82B4-3212-88F6-38189000333F}.Release|x64.ActiveCfg = Release|x64
		{331A5BAB-82B4-3212-88F6-38189000333F}.Release|x64.Build.0 = Release|x64
		{331A5BAB-82B4-3212-88F6-38189000333F}.MinSizeRel|x64.ActiveCfg = MinSizeRel|x64
		{331A5BAB-82B4-3212-88F6-38189000333F}.MinSizeRel|x64.Build.0 = MinSizeRel|x64
		{331A5BAB-82B4-3212-88F6-38189000333F}.RelWithDebInfo|x64.ActiveCfg = RelWithDebInfo|x64
		{331A5BAB-82B4-3212-88F6-38189000333F}.RelWithDebInfo|x64.Build.0 = RelWithDebInfo|x64
	EndGlobalSection
	GlobalSection(ExtensibilityGlobals) = postSolution
		SolutionGuid = {19620C1B-6C21-32A1-81CD-A3D84A825D21}
	EndGlobalSection
	GlobalSection(ExtensibilityAddIns) = postSolution
	EndGlobalSection
EndGlobal
